
Microsoft Visual Studio Solution File, Format Version 12.00
# Visual Studio 15
VisualStudioVersion = 15.0.27130.2003
MinimumVisualStudioVersion = 10.0.40219.1
Project("{FAE04EC0-301F-11D3-BF4B-00C04F79EFBC}") = "FactoryMethod", "FactoryMethod\FactoryMethod.csproj", "{9F482403-5104-4E64-8C03-7A95B00F1DEC}"
EndProject
Global
	GlobalSection(SolutionConfigurationPlatforms) = preSolution
		Debug|Any CPU = Debug|Any CPU
		Release|Any CPU = Release|Any CPU
	EndGlobalSection
	GlobalSection(ProjectConfigurationPlatforms) = postSolution
		{9F482403-5104-4E64-8C03-7A95B00F1DEC}.Debug|Any CPU.ActiveCfg = Debug|Any CPU
		{9F482403-5104-4E64-8C03-7A95B00F1DEC}.Debug|Any CPU.Build.0 = Debug|Any CPU
		{9F482403-5104-4E64-8C03-7A95B00F1DEC}.Release|Any CPU.ActiveCfg = Release|Any CPU
		{9F482403-5104-4E64-8C03-7A95B00F1DEC}.Release|Any CPU.Build.0 = Release|Any CPU
	EndGlobalSection
	GlobalSection(SolutionProperties) = preSolution
		HideSolutionNode = FALSE
	EndGlobalSection
	GlobalSection(ExtensibilityGlobals) = postSolution
		SolutionGuid = {5E022260-77BE-4B24-80DB-E69B557B6D2D}
	EndGlobalSection
EndGlobal
